
Microsoft Visual Studio Solution File, Format Version 12.00
# Visual Studio Version 17
VisualStudioVersion = 17.13.35825.156 d17.13
MinimumVisualStudioVersion = 10.0.40219.1
Project("{FAE04EC0-301F-11D3-BF4B-00C04F79EFBC}") = "Exportador", "Exportador\Exportador.csproj", "{4518E2A2-E6F4-4F0D-8F53-8DA97D9AA105}"
EndProject
Global
	GlobalSection(SolutionConfigurationPlatforms) = preSolution
		Debug|Any CPU = Debug|Any CPU
		Release|Any CPU = Release|Any CPU
	EndGlobalSection
	GlobalSection(ProjectConfigurationPlatforms) = postSolution
		{4518E2A2-E6F4-4F0D-8F53-8DA97D9AA105}.Debug|Any CPU.ActiveCfg = Debug|Any CPU
		{4518E2A2-E6F4-4F0D-8F53-8DA97D9AA105}.Debug|Any CPU.Build.0 = Debug|Any CPU
		{4518E2A2-E6F4-4F0D-8F53-8DA97D9AA105}.Release|Any CPU.ActiveCfg = Release|Any CPU
		{4518E2A2-E6F4-4F0D-8F53-8DA97D9AA105}.Release|Any CPU.Build.0 = Release|Any CPU
	EndGlobalSection
	GlobalSection(SolutionProperties) = preSolution
		HideSolutionNode = FALSE
	EndGlobalSection
	GlobalSection(ExtensibilityGlobals) = postSolution
		SolutionGuid = {2189D58D-97CB-4E42-9C9E-79B25857FC5C}
	EndGlobalSection
EndGlobal
